// !$*UTF8*$!
{
	archiveVersion = 1;
	classes = {
	};
	objectVersion = 50;
	objects = {

/* Begin PBXBuildFile section */
		A5825BC725D75087009DCF9A /* URLSessionHTTPClient.swift in Sources */ = {isa = PBXBuildFile; fileRef = A5825BC625D75087009DCF9A /* URLSessionHTTPClient.swift */; };
		A5825BD125D84893009DCF9A /* EssentialFeedAPIEndToEndTests.swift in Sources */ = {isa = PBXBuildFile; fileRef = A5825BD025D84893009DCF9A /* EssentialFeedAPIEndToEndTests.swift */; };
		A5825BD325D84893009DCF9A /* EssentialFeed.framework in Frameworks */ = {isa = PBXBuildFile; fileRef = A5DC849325CAEABF009464EF /* EssentialFeed.framework */; };
		A59BFB8725D73BA900941ABE /* XCTestCase+MemoryLeakTrackingHelper.swift in Sources */ = {isa = PBXBuildFile; fileRef = A59BFB8625D73BA900941ABE /* XCTestCase+MemoryLeakTrackingHelper.swift */; };
		A5A7D4F925D41BB100C40FF5 /* HTTPClient.swift in Sources */ = {isa = PBXBuildFile; fileRef = A5A7D4F825D41BB100C40FF5 /* HTTPClient.swift */; };
		A5A7D4FD25D41C1C00C40FF5 /* FeedItemsMapper.swift in Sources */ = {isa = PBXBuildFile; fileRef = A5A7D4FC25D41C1C00C40FF5 /* FeedItemsMapper.swift */; };
		A5A7D50625D59B8700C40FF5 /* URLSessionHTTPClientTests.swift in Sources */ = {isa = PBXBuildFile; fileRef = A5A7D50525D59B8700C40FF5 /* URLSessionHTTPClientTests.swift */; };
		A5DC849D25CAEABF009464EF /* EssentialFeed.framework in Frameworks */ = {isa = PBXBuildFile; fileRef = A5DC849325CAEABF009464EF /* EssentialFeed.framework */; };
		A5DC84A225CAEABF009464EF /* RemoteFeedLoaderTests.swift in Sources */ = {isa = PBXBuildFile; fileRef = A5DC84A125CAEABF009464EF /* RemoteFeedLoaderTests.swift */; };
		A5DC84A425CAEABF009464EF /* EssentialFeed.h in Headers */ = {isa = PBXBuildFile; fileRef = A5DC849625CAEABF009464EF /* EssentialFeed.h */; settings = {ATTRIBUTES = (Public, ); }; };
		A5DC84B025CAEAF3009464EF /* FeedItem.swift in Sources */ = {isa = PBXBuildFile; fileRef = A5DC84AF25CAEAF3009464EF /* FeedItem.swift */; };
		A5DC84B425CAEB9C009464EF /* FeedLoader.swift in Sources */ = {isa = PBXBuildFile; fileRef = A5DC84B325CAEB9C009464EF /* FeedLoader.swift */; };
		A5E1A3D725CC28DB009B3535 /* RemoteFeedLoader.swift in Sources */ = {isa = PBXBuildFile; fileRef = A5E1A3D625CC28DB009B3535 /* RemoteFeedLoader.swift */; };
/* End PBXBuildFile section */

/* Begin PBXContainerItemProxy section */
		A5825BD425D84893009DCF9A /* PBXContainerItemProxy */ = {
			isa = PBXContainerItemProxy;
			containerPortal = A5DC848A25CAEABF009464EF /* Project object */;
			proxyType = 1;
			remoteGlobalIDString = A5DC849225CAEABF009464EF;
			remoteInfo = EssentialFeed;
		};
		A5DC849E25CAEABF009464EF /* PBXContainerItemProxy */ = {
			isa = PBXContainerItemProxy;
			containerPortal = A5DC848A25CAEABF009464EF /* Project object */;
			proxyType = 1;
			remoteGlobalIDString = A5DC849225CAEABF009464EF;
			remoteInfo = EssentialFeed;
		};
/* End PBXContainerItemProxy section */

/* Begin PBXFileReference section */
		A5825BC625D75087009DCF9A /* URLSessionHTTPClient.swift */ = {isa = PBXFileReference; lastKnownFileType = sourcecode.swift; path = URLSessionHTTPClient.swift; sourceTree = "<group>"; };
		A5825BCE25D84893009DCF9A /* EssentialFeedAPIEndToEndTests.xctest */ = {isa = PBXFileReference; explicitFileType = wrapper.cfbundle; includeInIndex = 0; path = EssentialFeedAPIEndToEndTests.xctest; sourceTree = BUILT_PRODUCTS_DIR; };
		A5825BD025D84893009DCF9A /* EssentialFeedAPIEndToEndTests.swift */ = {isa = PBXFileReference; lastKnownFileType = sourcecode.swift; path = EssentialFeedAPIEndToEndTests.swift; sourceTree = "<group>"; };
		A5825BD225D84893009DCF9A /* Info.plist */ = {isa = PBXFileReference; lastKnownFileType = text.plist.xml; path = Info.plist; sourceTree = "<group>"; };
		A59BFB8625D73BA900941ABE /* XCTestCase+MemoryLeakTrackingHelper.swift */ = {isa = PBXFileReference; lastKnownFileType = sourcecode.swift; path = "XCTestCase+MemoryLeakTrackingHelper.swift"; sourceTree = "<group>"; };
		A5A7D4F825D41BB100C40FF5 /* HTTPClient.swift */ = {isa = PBXFileReference; lastKnownFileType = sourcecode.swift; path = HTTPClient.swift; sourceTree = "<group>"; };
		A5A7D4FC25D41C1C00C40FF5 /* FeedItemsMapper.swift */ = {isa = PBXFileReference; lastKnownFileType = sourcecode.swift; path = FeedItemsMapper.swift; sourceTree = "<group>"; };
		A5A7D50525D59B8700C40FF5 /* URLSessionHTTPClientTests.swift */ = {isa = PBXFileReference; lastKnownFileType = sourcecode.swift; path = URLSessionHTTPClientTests.swift; sourceTree = "<group>"; };
		A5DC849325CAEABF009464EF /* EssentialFeed.framework */ = {isa = PBXFileReference; explicitFileType = wrapper.framework; includeInIndex = 0; path = EssentialFeed.framework; sourceTree = BUILT_PRODUCTS_DIR; };
		A5DC849625CAEABF009464EF /* EssentialFeed.h */ = {isa = PBXFileReference; lastKnownFileType = sourcecode.c.h; path = EssentialFeed.h; sourceTree = "<group>"; };
		A5DC849725CAEABF009464EF /* Info.plist */ = {isa = PBXFileReference; lastKnownFileType = text.plist.xml; path = Info.plist; sourceTree = "<group>"; };
		A5DC849C25CAEABF009464EF /* EssentialFeedTests.xctest */ = {isa = PBXFileReference; explicitFileType = wrapper.cfbundle; includeInIndex = 0; path = EssentialFeedTests.xctest; sourceTree = BUILT_PRODUCTS_DIR; };
		A5DC84A125CAEABF009464EF /* RemoteFeedLoaderTests.swift */ = {isa = PBXFileReference; lastKnownFileType = sourcecode.swift; path = RemoteFeedLoaderTests.swift; sourceTree = "<group>"; };
		A5DC84A325CAEABF009464EF /* Info.plist */ = {isa = PBXFileReference; lastKnownFileType = text.plist.xml; path = Info.plist; sourceTree = "<group>"; };
		A5DC84AF25CAEAF3009464EF /* FeedItem.swift */ = {isa = PBXFileReference; lastKnownFileType = sourcecode.swift; path = FeedItem.swift; sourceTree = "<group>"; };
		A5DC84B325CAEB9C009464EF /* FeedLoader.swift */ = {isa = PBXFileReference; lastKnownFileType = sourcecode.swift; path = FeedLoader.swift; sourceTree = "<group>"; };
		A5E1A3D625CC28DB009B3535 /* RemoteFeedLoader.swift */ = {isa = PBXFileReference; lastKnownFileType = sourcecode.swift; path = RemoteFeedLoader.swift; sourceTree = "<group>"; };
/* End PBXFileReference section */

/* Begin PBXFrameworksBuildPhase section */
		A5825BCB25D84893009DCF9A /* Frameworks */ = {
			isa = PBXFrameworksBuildPhase;
			buildActionMask = 2147483647;
			files = (
				A5825BD325D84893009DCF9A /* EssentialFeed.framework in Frameworks */,
			);
			runOnlyForDeploymentPostprocessing = 0;
		};
		A5DC849025CAEABF009464EF /* Frameworks */ = {
			isa = PBXFrameworksBuildPhase;
			buildActionMask = 2147483647;
			files = (
			);
			runOnlyForDeploymentPostprocessing = 0;
		};
		A5DC849925CAEABF009464EF /* Frameworks */ = {
			isa = PBXFrameworksBuildPhase;
			buildActionMask = 2147483647;
			files = (
				A5DC849D25CAEABF009464EF /* EssentialFeed.framework in Frameworks */,
			);
			runOnlyForDeploymentPostprocessing = 0;
		};
/* End PBXFrameworksBuildPhase section */

/* Begin PBXGroup section */
		A5825BCF25D84893009DCF9A /* EssentialFeedAPIEndToEndTests */ = {
			isa = PBXGroup;
			children = (
				A5825BD025D84893009DCF9A /* EssentialFeedAPIEndToEndTests.swift */,
				A5825BD225D84893009DCF9A /* Info.plist */,
			);
			path = EssentialFeedAPIEndToEndTests;
			sourceTree = "<group>";
		};
		A59BFB8525D73B7800941ABE /* Helpers */ = {
			isa = PBXGroup;
			children = (
				A59BFB8625D73BA900941ABE /* XCTestCase+MemoryLeakTrackingHelper.swift */,
			);
			path = Helpers;
			sourceTree = "<group>";
		};
		A5A7D50025D4223B00C40FF5 /* FeedAPI */ = {
			isa = PBXGroup;
			children = (
				A59BFB8525D73B7800941ABE /* Helpers */,
				A5DC84A125CAEABF009464EF /* RemoteFeedLoaderTests.swift */,
				A5A7D50525D59B8700C40FF5 /* URLSessionHTTPClientTests.swift */,
			);
			path = FeedAPI;
			sourceTree = "<group>";
		};
		A5DC848925CAEABF009464EF = {
			isa = PBXGroup;
			children = (
				A5DC849525CAEABF009464EF /* EssentialFeed */,
				A5DC84A025CAEABF009464EF /* EssentialFeedTests */,
				A5825BCF25D84893009DCF9A /* EssentialFeedAPIEndToEndTests */,
				A5DC849425CAEABF009464EF /* Products */,
			);
			sourceTree = "<group>";
		};
		A5DC849425CAEABF009464EF /* Products */ = {
			isa = PBXGroup;
			children = (
				A5DC849325CAEABF009464EF /* EssentialFeed.framework */,
				A5DC849C25CAEABF009464EF /* EssentialFeedTests.xctest */,
				A5825BCE25D84893009DCF9A /* EssentialFeedAPIEndToEndTests.xctest */,
			);
			name = Products;
			sourceTree = "<group>";
		};
		A5DC849525CAEABF009464EF /* EssentialFeed */ = {
			isa = PBXGroup;
			children = (
				A5E1A3D525CC28BF009B3535 /* FeedAPI */,
				A5DC849625CAEABF009464EF /* EssentialFeed.h */,
				A5DC849725CAEABF009464EF /* Info.plist */,
				A5DC84B725CAEC40009464EF /* Feed Feature */,
			);
			path = EssentialFeed;
			sourceTree = "<group>";
		};
		A5DC84A025CAEABF009464EF /* EssentialFeedTests */ = {
			isa = PBXGroup;
			children = (
				A5A7D50025D4223B00C40FF5 /* FeedAPI */,
				A5DC84A325CAEABF009464EF /* Info.plist */,
			);
			path = EssentialFeedTests;
			sourceTree = "<group>";
		};
		A5DC84B725CAEC40009464EF /* Feed Feature */ = {
			isa = PBXGroup;
			children = (
				A5DC84AF25CAEAF3009464EF /* FeedItem.swift */,
				A5DC84B325CAEB9C009464EF /* FeedLoader.swift */,
			);
			path = "Feed Feature";
			sourceTree = "<group>";
		};
		A5E1A3D525CC28BF009B3535 /* FeedAPI */ = {
			isa = PBXGroup;
			children = (
				A5E1A3D625CC28DB009B3535 /* RemoteFeedLoader.swift */,
				A5A7D4F825D41BB100C40FF5 /* HTTPClient.swift */,
				A5A7D4FC25D41C1C00C40FF5 /* FeedItemsMapper.swift */,
				A5825BC625D75087009DCF9A /* URLSessionHTTPClient.swift */,
			);
			path = FeedAPI;
			sourceTree = "<group>";
		};
/* End PBXGroup section */

/* Begin PBXHeadersBuildPhase section */
		A5DC848E25CAEABF009464EF /* Headers */ = {
			isa = PBXHeadersBuildPhase;
			buildActionMask = 2147483647;
			files = (
				A5DC84A425CAEABF009464EF /* EssentialFeed.h in Headers */,
			);
			runOnlyForDeploymentPostprocessing = 0;
		};
/* End PBXHeadersBuildPhase section */

/* Begin PBXNativeTarget section */
		A5825BCD25D84893009DCF9A /* EssentialFeedAPIEndToEndTests */ = {
			isa = PBXNativeTarget;
			buildConfigurationList = A5825BD625D84893009DCF9A /* Build configuration list for PBXNativeTarget "EssentialFeedAPIEndToEndTests" */;
			buildPhases = (
				A5825BCA25D84893009DCF9A /* Sources */,
				A5825BCB25D84893009DCF9A /* Frameworks */,
				A5825BCC25D84893009DCF9A /* Resources */,
			);
			buildRules = (
			);
			dependencies = (
				A5825BD525D84893009DCF9A /* PBXTargetDependency */,
			);
			name = EssentialFeedAPIEndToEndTests;
			productName = EssentialFeedAPIEndToEndTests;
			productReference = A5825BCE25D84893009DCF9A /* EssentialFeedAPIEndToEndTests.xctest */;
			productType = "com.apple.product-type.bundle.unit-test";
		};
		A5DC849225CAEABF009464EF /* EssentialFeed */ = {
			isa = PBXNativeTarget;
			buildConfigurationList = A5DC84A725CAEABF009464EF /* Build configuration list for PBXNativeTarget "EssentialFeed" */;
			buildPhases = (
				A5DC848E25CAEABF009464EF /* Headers */,
				A5DC848F25CAEABF009464EF /* Sources */,
				A5DC849025CAEABF009464EF /* Frameworks */,
				A5DC849125CAEABF009464EF /* Resources */,
			);
			buildRules = (
			);
			dependencies = (
			);
			name = EssentialFeed;
			productName = EssentialFeed;
			productReference = A5DC849325CAEABF009464EF /* EssentialFeed.framework */;
			productType = "com.apple.product-type.framework";
		};
		A5DC849B25CAEABF009464EF /* EssentialFeedTests */ = {
			isa = PBXNativeTarget;
			buildConfigurationList = A5DC84AA25CAEABF009464EF /* Build configuration list for PBXNativeTarget "EssentialFeedTests" */;
			buildPhases = (
				A5DC849825CAEABF009464EF /* Sources */,
				A5DC849925CAEABF009464EF /* Frameworks */,
				A5DC849A25CAEABF009464EF /* Resources */,
			);
			buildRules = (
			);
			dependencies = (
				A5DC849F25CAEABF009464EF /* PBXTargetDependency */,
			);
			name = EssentialFeedTests;
			productName = EssentialFeedTests;
			productReference = A5DC849C25CAEABF009464EF /* EssentialFeedTests.xctest */;
			productType = "com.apple.product-type.bundle.unit-test";
		};
/* End PBXNativeTarget section */

/* Begin PBXProject section */
		A5DC848A25CAEABF009464EF /* Project object */ = {
			isa = PBXProject;
			attributes = {
				LastSwiftUpdateCheck = 1220;
				LastUpgradeCheck = 1220;
				TargetAttributes = {
					A5825BCD25D84893009DCF9A = {
						CreatedOnToolsVersion = 12.2;
					};
					A5DC849225CAEABF009464EF = {
						CreatedOnToolsVersion = 12.2;
						LastSwiftMigration = 1220;
					};
					A5DC849B25CAEABF009464EF = {
						CreatedOnToolsVersion = 12.2;
					};
				};
			};
			buildConfigurationList = A5DC848D25CAEABF009464EF /* Build configuration list for PBXProject "EssentialFeed" */;
			compatibilityVersion = "Xcode 9.3";
			developmentRegion = en;
			hasScannedForEncodings = 0;
			knownRegions = (
				en,
				Base,
			);
			mainGroup = A5DC848925CAEABF009464EF;
			productRefGroup = A5DC849425CAEABF009464EF /* Products */;
			projectDirPath = "";
			projectRoot = "";
			targets = (
				A5DC849225CAEABF009464EF /* EssentialFeed */,
				A5DC849B25CAEABF009464EF /* EssentialFeedTests */,
				A5825BCD25D84893009DCF9A /* EssentialFeedAPIEndToEndTests */,
			);
		};
/* End PBXProject section */

/* Begin PBXResourcesBuildPhase section */
		A5825BCC25D84893009DCF9A /* Resources */ = {
			isa = PBXResourcesBuildPhase;
			buildActionMask = 2147483647;
			files = (
			);
			runOnlyForDeploymentPostprocessing = 0;
		};
		A5DC849125CAEABF009464EF /* Resources */ = {
			isa = PBXResourcesBuildPhase;
			buildActionMask = 2147483647;
			files = (
			);
			runOnlyForDeploymentPostprocessing = 0;
		};
		A5DC849A25CAEABF009464EF /* Resources */ = {
			isa = PBXResourcesBuildPhase;
			buildActionMask = 2147483647;
			files = (
			);
			runOnlyForDeploymentPostprocessing = 0;
		};
/* End PBXResourcesBuildPhase section */

/* Begin PBXSourcesBuildPhase section */
		A5825BCA25D84893009DCF9A /* Sources */ = {
			isa = PBXSourcesBuildPhase;
			buildActionMask = 2147483647;
			files = (
				A5825BD125D84893009DCF9A /* EssentialFeedAPIEndToEndTests.swift in Sources */,
			);
			runOnlyForDeploymentPostprocessing = 0;
		};
		A5DC848F25CAEABF009464EF /* Sources */ = {
			isa = PBXSourcesBuildPhase;
			buildActionMask = 2147483647;
			files = (
				A5A7D4FD25D41C1C00C40FF5 /* FeedItemsMapper.swift in Sources */,
				A5DC84B425CAEB9C009464EF /* FeedLoader.swift in Sources */,
				A5E1A3D725CC28DB009B3535 /* RemoteFeedLoader.swift in Sources */,
				A5A7D4F925D41BB100C40FF5 /* HTTPClient.swift in Sources */,
				A5DC84B025CAEAF3009464EF /* FeedItem.swift in Sources */,
				A5825BC725D75087009DCF9A /* URLSessionHTTPClient.swift in Sources */,
			);
			runOnlyForDeploymentPostprocessing = 0;
		};
		A5DC849825CAEABF009464EF /* Sources */ = {
			isa = PBXSourcesBuildPhase;
			buildActionMask = 2147483647;
			files = (
				A5DC84A225CAEABF009464EF /* RemoteFeedLoaderTests.swift in Sources */,
				A5A7D50625D59B8700C40FF5 /* URLSessionHTTPClientTests.swift in Sources */,
				A59BFB8725D73BA900941ABE /* XCTestCase+MemoryLeakTrackingHelper.swift in Sources */,
			);
			runOnlyForDeploymentPostprocessing = 0;
		};
/* End PBXSourcesBuildPhase section */

/* Begin PBXTargetDependency section */
		A5825BD525D84893009DCF9A /* PBXTargetDependency */ = {
			isa = PBXTargetDependency;
			target = A5DC849225CAEABF009464EF /* EssentialFeed */;
			targetProxy = A5825BD425D84893009DCF9A /* PBXContainerItemProxy */;
		};
		A5DC849F25CAEABF009464EF /* PBXTargetDependency */ = {
			isa = PBXTargetDependency;
			target = A5DC849225CAEABF009464EF /* EssentialFeed */;
			targetProxy = A5DC849E25CAEABF009464EF /* PBXContainerItemProxy */;
		};
/* End PBXTargetDependency section */

/* Begin XCBuildConfiguration section */
		A5825BD725D84893009DCF9A /* Debug */ = {
			isa = XCBuildConfiguration;
			buildSettings = {
				CODE_SIGN_STYLE = Automatic;
				COMBINE_HIDPI_IMAGES = YES;
				DEVELOPMENT_TEAM = JN72TL2C7V;
				INFOPLIST_FILE = EssentialFeedAPIEndToEndTests/Info.plist;
				LD_RUNPATH_SEARCH_PATHS = (
					"$(inherited)",
					"@executable_path/../Frameworks",
					"@loader_path/../Frameworks",
				);
				PRODUCT_BUNDLE_IDENTIFIER = com.dougsilva.EssentialFeedAPIEndToEndTests;
				PRODUCT_NAME = "$(TARGET_NAME)";
				SWIFT_VERSION = 5.0;
			};
			name = Debug;
		};
		A5825BD825D84893009DCF9A /* Release */ = {
			isa = XCBuildConfiguration;
			buildSettings = {
				CODE_SIGN_STYLE = Automatic;
				COMBINE_HIDPI_IMAGES = YES;
				DEVELOPMENT_TEAM = JN72TL2C7V;
				INFOPLIST_FILE = EssentialFeedAPIEndToEndTests/Info.plist;
				LD_RUNPATH_SEARCH_PATHS = (
					"$(inherited)",
					"@executable_path/../Frameworks",
					"@loader_path/../Frameworks",
				);
				PRODUCT_BUNDLE_IDENTIFIER = com.dougsilva.EssentialFeedAPIEndToEndTests;
				PRODUCT_NAME = "$(TARGET_NAME)";
				SWIFT_VERSION = 5.0;
			};
			name = Release;
		};
		A5DC84A525CAEABF009464EF /* Debug */ = {
			isa = XCBuildConfiguration;
			buildSettings = {
				ALWAYS_SEARCH_USER_PATHS = NO;
				CLANG_ANALYZER_NONNULL = YES;
				CLANG_ANALYZER_NUMBER_OBJECT_CONVERSION = YES_AGGRESSIVE;
				CLANG_CXX_LANGUAGE_STANDARD = "gnu++14";
				CLANG_CXX_LIBRARY = "libc++";
				CLANG_ENABLE_MODULES = YES;
				CLANG_ENABLE_OBJC_ARC = YES;
				CLANG_ENABLE_OBJC_WEAK = YES;
				CLANG_WARN_BLOCK_CAPTURE_AUTORELEASING = YES;
				CLANG_WARN_BOOL_CONVERSION = YES;
				CLANG_WARN_COMMA = YES;
				CLANG_WARN_CONSTANT_CONVERSION = YES;
				CLANG_WARN_DEPRECATED_OBJC_IMPLEMENTATIONS = YES;
				CLANG_WARN_DIRECT_OBJC_ISA_USAGE = YES_ERROR;
				CLANG_WARN_DOCUMENTATION_COMMENTS = YES;
				CLANG_WARN_EMPTY_BODY = YES;
				CLANG_WARN_ENUM_CONVERSION = YES;
				CLANG_WARN_INFINITE_RECURSION = YES;
				CLANG_WARN_INT_CONVERSION = YES;
				CLANG_WARN_NON_LITERAL_NULL_CONVERSION = YES;
				CLANG_WARN_OBJC_IMPLICIT_RETAIN_SELF = YES;
				CLANG_WARN_OBJC_LITERAL_CONVERSION = YES;
				CLANG_WARN_OBJC_ROOT_CLASS = YES_ERROR;
				CLANG_WARN_QUOTED_INCLUDE_IN_FRAMEWORK_HEADER = YES;
				CLANG_WARN_RANGE_LOOP_ANALYSIS = YES;
				CLANG_WARN_STRICT_PROTOTYPES = YES;
				CLANG_WARN_SUSPICIOUS_MOVE = YES;
				CLANG_WARN_UNGUARDED_AVAILABILITY = YES_AGGRESSIVE;
				CLANG_WARN_UNREACHABLE_CODE = YES;
				CLANG_WARN__DUPLICATE_METHOD_MATCH = YES;
				COPY_PHASE_STRIP = NO;
				CURRENT_PROJECT_VERSION = 1;
				DEBUG_INFORMATION_FORMAT = dwarf;
				ENABLE_STRICT_OBJC_MSGSEND = YES;
				ENABLE_TESTABILITY = YES;
				GCC_C_LANGUAGE_STANDARD = gnu11;
				GCC_DYNAMIC_NO_PIC = NO;
				GCC_NO_COMMON_BLOCKS = YES;
				GCC_OPTIMIZATION_LEVEL = 0;
				GCC_PREPROCESSOR_DEFINITIONS = (
					"DEBUG=1",
					"$(inherited)",
				);
				GCC_WARN_64_TO_32_BIT_CONVERSION = YES;
				GCC_WARN_ABOUT_RETURN_TYPE = YES_ERROR;
				GCC_WARN_UNDECLARED_SELECTOR = YES;
				GCC_WARN_UNINITIALIZED_AUTOS = YES_AGGRESSIVE;
				GCC_WARN_UNUSED_FUNCTION = YES;
				GCC_WARN_UNUSED_VARIABLE = YES;
				MACOSX_DEPLOYMENT_TARGET = 10.15;
				MTL_ENABLE_DEBUG_INFO = INCLUDE_SOURCE;
				MTL_FAST_MATH = YES;
				ONLY_ACTIVE_ARCH = YES;
				SDKROOT = macosx;
				SWIFT_ACTIVE_COMPILATION_CONDITIONS = DEBUG;
				SWIFT_OPTIMIZATION_LEVEL = "-Onone";
				VERSIONING_SYSTEM = "apple-generic";
				VERSION_INFO_PREFIX = "";
			};
			name = Debug;
		};
		A5DC84A625CAEABF009464EF /* Release */ = {
			isa = XCBuildConfiguration;
			buildSettings = {
				ALWAYS_SEARCH_USER_PATHS = NO;
				CLANG_ANALYZER_NONNULL = YES;
				CLANG_ANALYZER_NUMBER_OBJECT_CONVERSION = YES_AGGRESSIVE;
				CLANG_CXX_LANGUAGE_STANDARD = "gnu++14";
				CLANG_CXX_LIBRARY = "libc++";
				CLANG_ENABLE_MODULES = YES;
				CLANG_ENABLE_OBJC_ARC = YES;
				CLANG_ENABLE_OBJC_WEAK = YES;
				CLANG_WARN_BLOCK_CAPTURE_AUTORELEASING = YES;
				CLANG_WARN_BOOL_CONVERSION = YES;
				CLANG_WARN_COMMA = YES;
				CLANG_WARN_CONSTANT_CONVERSION = YES;
				CLANG_WARN_DEPRECATED_OBJC_IMPLEMENTATIONS = YES;
				CLANG_WARN_DIRECT_OBJC_ISA_USAGE = YES_ERROR;
				CLANG_WARN_DOCUMENTATION_COMMENTS = YES;
				CLANG_WARN_EMPTY_BODY = YES;
				CLANG_WARN_ENUM_CONVERSION = YES;
				CLANG_WARN_INFINITE_RECURSION = YES;
				CLANG_WARN_INT_CONVERSION = YES;
				CLANG_WARN_NON_LITERAL_NULL_CONVERSION = YES;
				CLANG_WARN_OBJC_IMPLICIT_RETAIN_SELF = YES;
				CLANG_WARN_OBJC_LITERAL_CONVERSION = YES;
				CLANG_WARN_OBJC_ROOT_CLASS = YES_ERROR;
				CLANG_WARN_QUOTED_INCLUDE_IN_FRAMEWORK_HEADER = YES;
				CLANG_WARN_RANGE_LOOP_ANALYSIS = YES;
				CLANG_WARN_STRICT_PROTOTYPES = YES;
				CLANG_WARN_SUSPICIOUS_MOVE = YES;
				CLANG_WARN_UNGUARDED_AVAILABILITY = YES_AGGRESSIVE;
				CLANG_WARN_UNREACHABLE_CODE = YES;
				CLANG_WARN__DUPLICATE_METHOD_MATCH = YES;
				COPY_PHASE_STRIP = NO;
				CURRENT_PROJECT_VERSION = 1;
				DEBUG_INFORMATION_FORMAT = "dwarf-with-dsym";
				ENABLE_NS_ASSERTIONS = NO;
				ENABLE_STRICT_OBJC_MSGSEND = YES;
				GCC_C_LANGUAGE_STANDARD = gnu11;
				GCC_NO_COMMON_BLOCKS = YES;
				GCC_WARN_64_TO_32_BIT_CONVERSION = YES;
				GCC_WARN_ABOUT_RETURN_TYPE = YES_ERROR;
				GCC_WARN_UNDECLARED_SELECTOR = YES;
				GCC_WARN_UNINITIALIZED_AUTOS = YES_AGGRESSIVE;
				GCC_WARN_UNUSED_FUNCTION = YES;
				GCC_WARN_UNUSED_VARIABLE = YES;
				MACOSX_DEPLOYMENT_TARGET = 10.15;
				MTL_ENABLE_DEBUG_INFO = NO;
				MTL_FAST_MATH = YES;
				SDKROOT = macosx;
				SWIFT_COMPILATION_MODE = wholemodule;
				SWIFT_OPTIMIZATION_LEVEL = "-O";
				VERSIONING_SYSTEM = "apple-generic";
				VERSION_INFO_PREFIX = "";
			};
			name = Release;
		};
		A5DC84A825CAEABF009464EF /* Debug */ = {
			isa = XCBuildConfiguration;
			buildSettings = {
				CLANG_ENABLE_MODULES = YES;
				CODE_SIGN_STYLE = Automatic;
				COMBINE_HIDPI_IMAGES = YES;
				DEFINES_MODULE = YES;
				DEVELOPMENT_TEAM = JN72TL2C7V;
				DYLIB_COMPATIBILITY_VERSION = 1;
				DYLIB_CURRENT_VERSION = 1;
				DYLIB_INSTALL_NAME_BASE = "@rpath";
				INFOPLIST_FILE = EssentialFeed/Info.plist;
				INSTALL_PATH = "$(LOCAL_LIBRARY_DIR)/Frameworks";
				LD_RUNPATH_SEARCH_PATHS = (
					"$(inherited)",
					"@executable_path/../Frameworks",
					"@loader_path/Frameworks",
				);
				PRODUCT_BUNDLE_IDENTIFIER = com.dougsilva.EssentialFeed;
				PRODUCT_NAME = "$(TARGET_NAME:c99extidentifier)";
				SKIP_INSTALL = YES;
				SWIFT_OPTIMIZATION_LEVEL = "-Onone";
				SWIFT_VERSION = 5.0;
			};
			name = Debug;
		};
		A5DC84A925CAEABF009464EF /* Release */ = {
			isa = XCBuildConfiguration;
			buildSettings = {
				CLANG_ENABLE_MODULES = YES;
				CODE_SIGN_STYLE = Automatic;
				COMBINE_HIDPI_IMAGES = YES;
				DEFINES_MODULE = YES;
				DEVELOPMENT_TEAM = JN72TL2C7V;
				DYLIB_COMPATIBILITY_VERSION = 1;
				DYLIB_CURRENT_VERSION = 1;
				DYLIB_INSTALL_NAME_BASE = "@rpath";
				INFOPLIST_FILE = EssentialFeed/Info.plist;
				INSTALL_PATH = "$(LOCAL_LIBRARY_DIR)/Frameworks";
				LD_RUNPATH_SEARCH_PATHS = (
					"$(inherited)",
					"@executable_path/../Frameworks",
					"@loader_path/Frameworks",
				);
				PRODUCT_BUNDLE_IDENTIFIER = com.dougsilva.EssentialFeed;
				PRODUCT_NAME = "$(TARGET_NAME:c99extidentifier)";
				SKIP_INSTALL = YES;
				SWIFT_VERSION = 5.0;
			};
			name = Release;
		};
		A5DC84AB25CAEABF009464EF /* Debug */ = {
			isa = XCBuildConfiguration;
			buildSettings = {
				ALWAYS_EMBED_SWIFT_STANDARD_LIBRARIES = YES;
				CODE_SIGN_STYLE = Automatic;
				COMBINE_HIDPI_IMAGES = YES;
				DEVELOPMENT_TEAM = JN72TL2C7V;
				INFOPLIST_FILE = EssentialFeedTests/Info.plist;
				LD_RUNPATH_SEARCH_PATHS = (
					"$(inherited)",
					"@executable_path/../Frameworks",
					"@loader_path/../Frameworks",
				);
				PRODUCT_BUNDLE_IDENTIFIER = com.dougsilva.EssentialFeedTests;
				PRODUCT_NAME = "$(TARGET_NAME)";
				SWIFT_VERSION = 5.0;
			};
			name = Debug;
		};
		A5DC84AC25CAEABF009464EF /* Release */ = {
			isa = XCBuildConfiguration;
			buildSettings = {
				ALWAYS_EMBED_SWIFT_STANDARD_LIBRARIES = YES;
				CODE_SIGN_STYLE = Automatic;
				COMBINE_HIDPI_IMAGES = YES;
				DEVELOPMENT_TEAM = JN72TL2C7V;
				INFOPLIST_FILE = EssentialFeedTests/Info.plist;
				LD_RUNPATH_SEARCH_PATHS = (
					"$(inherited)",
					"@executable_path/../Frameworks",
					"@loader_path/../Frameworks",
				);
				PRODUCT_BUNDLE_IDENTIFIER = com.dougsilva.EssentialFeedTests;
				PRODUCT_NAME = "$(TARGET_NAME)";
				SWIFT_VERSION = 5.0;
			};
			name = Release;
		};
/* End XCBuildConfiguration section */

/* Begin XCConfigurationList section */
		A5825BD625D84893009DCF9A /* Build configuration list for PBXNativeTarget "EssentialFeedAPIEndToEndTests" */ = {
			isa = XCConfigurationList;
			buildConfigurations = (
				A5825BD725D84893009DCF9A /* Debug */,
				A5825BD825D84893009DCF9A /* Release */,
			);
			defaultConfigurationIsVisible = 0;
			defaultConfigurationName = Release;
		};
		A5DC848D25CAEABF009464EF /* Build configuration list for PBXProject "EssentialFeed" */ = {
			isa = XCConfigurationList;
			buildConfigurations = (
				A5DC84A525CAEABF009464EF /* Debug */,
				A5DC84A625CAEABF009464EF /* Release */,
			);
			defaultConfigurationIsVisible = 0;
			defaultConfigurationName = Release;
		};
		A5DC84A725CAEABF009464EF /* Build configuration list for PBXNativeTarget "EssentialFeed" */ = {
			isa = XCConfigurationList;
			buildConfigurations = (
				A5DC84A825CAEABF009464EF /* Debug */,
				A5DC84A925CAEABF009464EF /* Release */,
			);
			defaultConfigurationIsVisible = 0;
			defaultConfigurationName = Release;
		};
		A5DC84AA25CAEABF009464EF /* Build configuration list for PBXNativeTarget "EssentialFeedTests" */ = {
			isa = XCConfigurationList;
			buildConfigurations = (
				A5DC84AB25CAEABF009464EF /* Debug */,
				A5DC84AC25CAEABF009464EF /* Release */,
			);
			defaultConfigurationIsVisible = 0;
			defaultConfigurationName = Release;
		};
/* End XCConfigurationList section */
	};
	rootObject = A5DC848A25CAEABF009464EF /* Project object */;
}
